
Microsoft Visual Studio Solution File, Format Version 12.00
# Visual Studio Version 16
VisualStudioVersion = 16.0.30611.23
MinimumVisualStudioVersion = 10.0.40219.1
Project("{9A19103F-16F7-4668-BE54-9A1E7A4F7556}") = "Inventory", "Inventory\Inventory.csproj", "{86CCD31B-B1F1-4839-ADFD-D9D0599A57D7}"
EndProject
Project("{FAE04EC0-301F-11D3-BF4B-00C04F79EFBC}") = "Entities", "Entities\Entities.csproj", "{B09A6C6B-4846-4DB6-9D65-69606E168FD9}"
EndProject
Project("{FAE04EC0-301F-11D3-BF4B-00C04F79EFBC}") = "DataAccess", "DataAccess\DataAccess.csproj", "{FC641A7C-2CD0-440B-A0CC-2807DF157539}"
EndProject
Global
	GlobalSection(SolutionConfigurationPlatforms) = preSolution
		Debug|Any CPU = Debug|Any CPU
		Release|Any CPU = Release|Any CPU
	EndGlobalSection
	GlobalSection(ProjectConfigurationPlatforms) = postSolution
		{86CCD31B-B1F1-4839-ADFD-D9D0599A57D7}.Debug|Any CPU.ActiveCfg = Debug|Any CPU
		{86CCD31B-B1F1-4839-ADFD-D9D0599A57D7}.Debug|Any CPU.Build.0 = Debug|Any CPU
		{86CCD31B-B1F1-4839-ADFD-D9D0599A57D7}.Release|Any CPU.ActiveCfg = Release|Any CPU
		{86CCD31B-B1F1-4839-ADFD-D9D0599A57D7}.Release|Any CPU.Build.0 = Release|Any CPU
		{B09A6C6B-4846-4DB6-9D65-69606E168FD9}.Debug|Any CPU.ActiveCfg = Debug|Any CPU
		{B09A6C6B-4846-4DB6-9D65-69606E168FD9}.Debug|Any CPU.Build.0 = Debug|Any CPU
		{B09A6C6B-4846-4DB6-9D65-69606E168FD9}.Release|Any CPU.ActiveCfg = Release|Any CPU
		{B09A6C6B-4846-4DB6-9D65-69606E168FD9}.Release|Any CPU.Build.0 = Release|Any CPU
		{FC641A7C-2CD0-440B-A0CC-2807DF157539}.Debug|Any CPU.ActiveCfg = Debug|Any CPU
		{FC641A7C-2CD0-440B-A0CC-2807DF157539}.Debug|Any CPU.Build.0 = Debug|Any CPU
		{FC641A7C-2CD0-440B-A0CC-2807DF157539}.Release|Any CPU.ActiveCfg = Release|Any CPU
		{FC641A7C-2CD0-440B-A0CC-2807DF157539}.Release|Any CPU.Build.0 = Release|Any CPU
	EndGlobalSection
	GlobalSection(SolutionProperties) = preSolution
		HideSolutionNode = FALSE
	EndGlobalSection
	GlobalSection(ExtensibilityGlobals) = postSolution
		SolutionGuid = {6ED011F7-A433-49B7-A7CD-1A0D6578F134}
	EndGlobalSection
EndGlobal
